
Microsoft Visual Studio Solution File, Format Version 12.00
# Visual Studio Version 17
VisualStudioVersion = 17.0.32126.317
MinimumVisualStudioVersion = 10.0.40219.1
Project("{9A19103F-16F7-4668-BE54-9A1E7A4F7556}") = "PassengerMicroService", "PassengerMicroService\PassengerMicroService.csproj", "{3C2EC678-4F19-4C41-8E26-634C88052AD5}"
EndProject
Project("{9A19103F-16F7-4668-BE54-9A1E7A4F7556}") = "BasePriceMicroService", "BasePriceMicroService\BasePriceMicroService.csproj", "{6FF90FEB-E457-4B93-B49C-5AB7B6AA3747}"
EndProject
Project("{9A19103F-16F7-4668-BE54-9A1E7A4F7556}") = "AircraftMicroService", "AircraftMicroService\AircraftMicroService.csproj", "{FED2E539-B3B8-4817-848D-6A4DD0A66102}"
EndProject
Project("{9A19103F-16F7-4668-BE54-9A1E7A4F7556}") = "FlightMicroService", "FlightMicroService\FlightMicroService.csproj", "{181FB56A-1D4F-4114-84B3-BFA94BE99990}"
EndProject
Project("{9A19103F-16F7-4668-BE54-9A1E7A4F7556}") = "Model", "Model\Model.csproj", "{341C1F91-AEF1-4899-9D3D-72F223E85039}"
EndProject
Project("{9A19103F-16F7-4668-BE54-9A1E7A4F7556}") = "TicketMicroService", "TicketMicroService\TicketMicroService.csproj", "{C1BF90E7-5C16-4622-94A3-1C26E3AACFD3}"
EndProject
Project("{9A19103F-16F7-4668-BE54-9A1E7A4F7556}") = "AirportMicroServices", "AirportMicroServices\AirportMicroServices.csproj", "{1C398C52-09A9-489F-BA52-A7C41C289B7E}"
EndProject
Project("{9A19103F-16F7-4668-BE54-9A1E7A4F7556}") = "Services", "Services\Services.csproj", "{2BD5DD84-6C89-4064-BCE0-698C7EEF1EEA}"
EndProject
Project("{9A19103F-16F7-4668-BE54-9A1E7A4F7556}") = "ClasseMicroService", "ClasseMicroService\ClasseMicroService.csproj", "{D579E8D6-5117-466C-B5E9-F33715FAEA8E}"
EndProject
Project("{9A19103F-16F7-4668-BE54-9A1E7A4F7556}") = "ReadAndInsertDataAirport", "ReadAndInsertDataAirport\ReadAndInsertDataAirport.csproj", "{C05F5DFF-E3D3-40E2-B74A-E30AB4DC5053}"
EndProject
Project("{9A19103F-16F7-4668-BE54-9A1E7A4F7556}") = "EntityFrameworkAirport", "EntityFrameworkAirport\EntityFrameworkAirport.csproj", "{65123F25-612E-435B-9562-3C456C5CF8C7}"
EndProject
Project("{9A19103F-16F7-4668-BE54-9A1E7A4F7556}") = "AirportDataDapper", "AirportDataDapper\AirportDataDapper.csproj", "{4A66C777-65C0-4A20-8BBE-92782ABF1F7D}"
EndProject
Project("{9A19103F-16F7-4668-BE54-9A1E7A4F7556}") = "AccessMicroService", "AccessMicroService\AccessMicroService.csproj", "{0B800DBB-8E59-4B64-B6E5-F5832C8750A1}"
EndProject
Project("{9A19103F-16F7-4668-BE54-9A1E7A4F7556}") = "FunctionMicroService", "FunctionMicroService\FunctionMicroService.csproj", "{6BBFB885-7EB4-4B33-BF83-0AA15910DA1C}"
EndProject
Project("{9A19103F-16F7-4668-BE54-9A1E7A4F7556}") = "UserMicroServices", "UserMicroServices\UserMicroServices.csproj", "{C040D3FD-1CCD-48CA-BF23-C8061494B630}"
EndProject
Project("{9A19103F-16F7-4668-BE54-9A1E7A4F7556}") = "MVCWillFly", "MVCWillFly\MVCWillFly.csproj", "{0AE0C2A4-F3B7-429F-BFC8-C69A1F20965E}"
EndProject
Project("{9A19103F-16F7-4668-BE54-9A1E7A4F7556}") = "LogMicroService", "LogMicroService\LogMicroService.csproj", "{ACF69EA0-D659-4A5A-86A4-8C42E93C9B05}"
EndProject
Project("{9A19103F-16F7-4668-BE54-9A1E7A4F7556}") = "AuthenticationJWS", "AuthenticationJWS\AuthenticationJWS.csproj", "{887F482E-BBE4-4C01-A1E4-374F9718AC6C}"
EndProject
Project("{9A19103F-16F7-4668-BE54-9A1E7A4F7556}") = "ProjAircraftTestXUnit", "ProjUserTestXUnit\ProjAircraftTestXUnit.csproj", "{0C22BE10-62C6-410A-B73F-FDB1822D0EBC}"
EndProject
Project("{9A19103F-16F7-4668-BE54-9A1E7A4F7556}") = "ProjUserTestUnit", "ProjUserTestUnit\ProjUserTestUnit.csproj", "{C2D4CE5E-6C68-472B-B11C-35232DE483EF}"
EndProject
Project("{9A19103F-16F7-4668-BE54-9A1E7A4F7556}") = "ProjTicketTestXUnit", "ProjTicketTestXUnit\ProjTicketTestXUnit.csproj", "{725CC297-C06F-43C4-B1ED-86CB5B9C1EEC}"
EndProject
Project("{FAE04EC0-301F-11D3-BF4B-00C04F79EFBC}") = "ProjRabbitMQLogs", "ProjRabbitMQLogs\ProjRabbitMQLogs.csproj", "{E6453E60-EEEF-482D-B834-82955EA841A2}"
EndProject
Global
	GlobalSection(SolutionConfigurationPlatforms) = preSolution
		Debug|Any CPU = Debug|Any CPU
		Release|Any CPU = Release|Any CPU
	EndGlobalSection
	GlobalSection(ProjectConfigurationPlatforms) = postSolution
		{3C2EC678-4F19-4C41-8E26-634C88052AD5}.Debug|Any CPU.ActiveCfg = Debug|Any CPU
		{3C2EC678-4F19-4C41-8E26-634C88052AD5}.Debug|Any CPU.Build.0 = Debug|Any CPU
		{3C2EC678-4F19-4C41-8E26-634C88052AD5}.Release|Any CPU.ActiveCfg = Release|Any CPU
		{3C2EC678-4F19-4C41-8E26-634C88052AD5}.Release|Any CPU.Build.0 = Release|Any CPU
		{6FF90FEB-E457-4B93-B49C-5AB7B6AA3747}.Debug|Any CPU.ActiveCfg = Debug|Any CPU
		{6FF90FEB-E457-4B93-B49C-5AB7B6AA3747}.Debug|Any CPU.Build.0 = Debug|Any CPU
		{6FF90FEB-E457-4B93-B49C-5AB7B6AA3747}.Release|Any CPU.ActiveCfg = Release|Any CPU
		{6FF90FEB-E457-4B93-B49C-5AB7B6AA3747}.Release|Any CPU.Build.0 = Release|Any CPU
		{FED2E539-B3B8-4817-848D-6A4DD0A66102}.Debug|Any CPU.ActiveCfg = Debug|Any CPU
		{FED2E539-B3B8-4817-848D-6A4DD0A66102}.Debug|Any CPU.Build.0 = Debug|Any CPU
		{FED2E539-B3B8-4817-848D-6A4DD0A66102}.Release|Any CPU.ActiveCfg = Release|Any CPU
		{FED2E539-B3B8-4817-848D-6A4DD0A66102}.Release|Any CPU.Build.0 = Release|Any CPU
		{181FB56A-1D4F-4114-84B3-BFA94BE99990}.Debug|Any CPU.ActiveCfg = Debug|Any CPU
		{181FB56A-1D4F-4114-84B3-BFA94BE99990}.Debug|Any CPU.Build.0 = Debug|Any CPU
		{181FB56A-1D4F-4114-84B3-BFA94BE99990}.Release|Any CPU.ActiveCfg = Release|Any CPU
		{181FB56A-1D4F-4114-84B3-BFA94BE99990}.Release|Any CPU.Build.0 = Release|Any CPU
		{341C1F91-AEF1-4899-9D3D-72F223E85039}.Debug|Any CPU.ActiveCfg = Debug|Any CPU
		{341C1F91-AEF1-4899-9D3D-72F223E85039}.Debug|Any CPU.Build.0 = Debug|Any CPU
		{341C1F91-AEF1-4899-9D3D-72F223E85039}.Release|Any CPU.ActiveCfg = Release|Any CPU
		{341C1F91-AEF1-4899-9D3D-72F223E85039}.Release|Any CPU.Build.0 = Release|Any CPU
		{C1BF90E7-5C16-4622-94A3-1C26E3AACFD3}.Debug|Any CPU.ActiveCfg = Debug|Any CPU
		{C1BF90E7-5C16-4622-94A3-1C26E3AACFD3}.Debug|Any CPU.Build.0 = Debug|Any CPU
		{C1BF90E7-5C16-4622-94A3-1C26E3AACFD3}.Release|Any CPU.ActiveCfg = Release|Any CPU
		{C1BF90E7-5C16-4622-94A3-1C26E3AACFD3}.Release|Any CPU.Build.0 = Release|Any CPU
		{1C398C52-09A9-489F-BA52-A7C41C289B7E}.Debug|Any CPU.ActiveCfg = Debug|Any CPU
		{1C398C52-09A9-489F-BA52-A7C41C289B7E}.Debug|Any CPU.Build.0 = Debug|Any CPU
		{1C398C52-09A9-489F-BA52-A7C41C289B7E}.Release|Any CPU.ActiveCfg = Release|Any CPU
		{1C398C52-09A9-489F-BA52-A7C41C289B7E}.Release|Any CPU.Build.0 = Release|Any CPU
		{2BD5DD84-6C89-4064-BCE0-698C7EEF1EEA}.Debug|Any CPU.ActiveCfg = Debug|Any CPU
		{2BD5DD84-6C89-4064-BCE0-698C7EEF1EEA}.Debug|Any CPU.Build.0 = Debug|Any CPU
		{2BD5DD84-6C89-4064-BCE0-698C7EEF1EEA}.Release|Any CPU.ActiveCfg = Release|Any CPU
		{2BD5DD84-6C89-4064-BCE0-698C7EEF1EEA}.Release|Any CPU.Build.0 = Release|Any CPU
		{D579E8D6-5117-466C-B5E9-F33715FAEA8E}.Debug|Any CPU.ActiveCfg = Debug|Any CPU
		{D579E8D6-5117-466C-B5E9-F33715FAEA8E}.Debug|Any CPU.Build.0 = Debug|Any CPU
		{D579E8D6-5117-466C-B5E9-F33715FAEA8E}.Release|Any CPU.ActiveCfg = Release|Any CPU
		{D579E8D6-5117-466C-B5E9-F33715FAEA8E}.Release|Any CPU.Build.0 = Release|Any CPU
		{C05F5DFF-E3D3-40E2-B74A-E30AB4DC5053}.Debug|Any CPU.ActiveCfg = Debug|Any CPU
		{C05F5DFF-E3D3-40E2-B74A-E30AB4DC5053}.Debug|Any CPU.Build.0 = Debug|Any CPU
		{C05F5DFF-E3D3-40E2-B74A-E30AB4DC5053}.Release|Any CPU.ActiveCfg = Release|Any CPU
		{C05F5DFF-E3D3-40E2-B74A-E30AB4DC5053}.Release|Any CPU.Build.0 = Release|Any CPU
		{65123F25-612E-435B-9562-3C456C5CF8C7}.Debug|Any CPU.ActiveCfg = Debug|Any CPU
		{65123F25-612E-435B-9562-3C456C5CF8C7}.Debug|Any CPU.Build.0 = Debug|Any CPU
		{65123F25-612E-435B-9562-3C456C5CF8C7}.Release|Any CPU.ActiveCfg = Release|Any CPU
		{65123F25-612E-435B-9562-3C456C5CF8C7}.Release|Any CPU.Build.0 = Release|Any CPU
		{4A66C777-65C0-4A20-8BBE-92782ABF1F7D}.Debug|Any CPU.ActiveCfg = Debug|Any CPU
		{4A66C777-65C0-4A20-8BBE-92782ABF1F7D}.Debug|Any CPU.Build.0 = Debug|Any CPU
		{4A66C777-65C0-4A20-8BBE-92782ABF1F7D}.Release|Any CPU.ActiveCfg = Release|Any CPU
		{4A66C777-65C0-4A20-8BBE-92782ABF1F7D}.Release|Any CPU.Build.0 = Release|Any CPU
		{0B800DBB-8E59-4B64-B6E5-F5832C8750A1}.Debug|Any CPU.ActiveCfg = Debug|Any CPU
		{0B800DBB-8E59-4B64-B6E5-F5832C8750A1}.Debug|Any CPU.Build.0 = Debug|Any CPU
		{0B800DBB-8E59-4B64-B6E5-F5832C8750A1}.Release|Any CPU.ActiveCfg = Release|Any CPU
		{0B800DBB-8E59-4B64-B6E5-F5832C8750A1}.Release|Any CPU.Build.0 = Release|Any CPU
		{6BBFB885-7EB4-4B33-BF83-0AA15910DA1C}.Debug|Any CPU.ActiveCfg = Debug|Any CPU
		{6BBFB885-7EB4-4B33-BF83-0AA15910DA1C}.Debug|Any CPU.Build.0 = Debug|Any CPU
		{6BBFB885-7EB4-4B33-BF83-0AA15910DA1C}.Release|Any CPU.ActiveCfg = Release|Any CPU
		{6BBFB885-7EB4-4B33-BF83-0AA15910DA1C}.Release|Any CPU.Build.0 = Release|Any CPU
		{C040D3FD-1CCD-48CA-BF23-C8061494B630}.Debug|Any CPU.ActiveCfg = Debug|Any CPU
		{C040D3FD-1CCD-48CA-BF23-C8061494B630}.Debug|Any CPU.Build.0 = Debug|Any CPU
		{C040D3FD-1CCD-48CA-BF23-C8061494B630}.Release|Any CPU.ActiveCfg = Release|Any CPU
		{C040D3FD-1CCD-48CA-BF23-C8061494B630}.Release|Any CPU.Build.0 = Release|Any CPU
		{0AE0C2A4-F3B7-429F-BFC8-C69A1F20965E}.Debug|Any CPU.ActiveCfg = Debug|Any CPU
		{0AE0C2A4-F3B7-429F-BFC8-C69A1F20965E}.Debug|Any CPU.Build.0 = Debug|Any CPU
		{0AE0C2A4-F3B7-429F-BFC8-C69A1F20965E}.Release|Any CPU.ActiveCfg = Release|Any CPU
		{0AE0C2A4-F3B7-429F-BFC8-C69A1F20965E}.Release|Any CPU.Build.0 = Release|Any CPU
		{ACF69EA0-D659-4A5A-86A4-8C42E93C9B05}.Debug|Any CPU.ActiveCfg = Debug|Any CPU
		{ACF69EA0-D659-4A5A-86A4-8C42E93C9B05}.Debug|Any CPU.Build.0 = Debug|Any CPU
		{ACF69EA0-D659-4A5A-86A4-8C42E93C9B05}.Release|Any CPU.ActiveCfg = Release|Any CPU
		{ACF69EA0-D659-4A5A-86A4-8C42E93C9B05}.Release|Any CPU.Build.0 = Release|Any CPU
		{887F482E-BBE4-4C01-A1E4-374F9718AC6C}.Debug|Any CPU.ActiveCfg = Debug|Any CPU
		{887F482E-BBE4-4C01-A1E4-374F9718AC6C}.Debug|Any CPU.Build.0 = Debug|Any CPU
		{887F482E-BBE4-4C01-A1E4-374F9718AC6C}.Release|Any CPU.ActiveCfg = Release|Any CPU
		{887F482E-BBE4-4C01-A1E4-374F9718AC6C}.Release|Any CPU.Build.0 = Release|Any CPU
		{0C22BE10-62C6-410A-B73F-FDB1822D0EBC}.Debug|Any CPU.ActiveCfg = Debug|Any CPU
		{0C22BE10-62C6-410A-B73F-FDB1822D0EBC}.Debug|Any CPU.Build.0 = Debug|Any CPU
		{0C22BE10-62C6-410A-B73F-FDB1822D0EBC}.Release|Any CPU.ActiveCfg = Release|Any CPU
		{0C22BE10-62C6-410A-B73F-FDB1822D0EBC}.Release|Any CPU.Build.0 = Release|Any CPU
		{C2D4CE5E-6C68-472B-B11C-35232DE483EF}.Debug|Any CPU.ActiveCfg = Debug|Any CPU
		{C2D4CE5E-6C68-472B-B11C-35232DE483EF}.Debug|Any CPU.Build.0 = Debug|Any CPU
		{C2D4CE5E-6C68-472B-B11C-35232DE483EF}.Release|Any CPU.ActiveCfg = Release|Any CPU
		{C2D4CE5E-6C68-472B-B11C-35232DE483EF}.Release|Any CPU.Build.0 = Release|Any CPU
		{725CC297-C06F-43C4-B1ED-86CB5B9C1EEC}.Debug|Any CPU.ActiveCfg = Debug|Any CPU
		{725CC297-C06F-43C4-B1ED-86CB5B9C1EEC}.Debug|Any CPU.Build.0 = Debug|Any CPU
		{725CC297-C06F-43C4-B1ED-86CB5B9C1EEC}.Release|Any CPU.ActiveCfg = Release|Any CPU
		{725CC297-C06F-43C4-B1ED-86CB5B9C1EEC}.Release|Any CPU.Build.0 = Release|Any CPU
		{E6453E60-EEEF-482D-B834-82955EA841A2}.Debug|Any CPU.ActiveCfg = Debug|Any CPU
		{E6453E60-EEEF-482D-B834-82955EA841A2}.Debug|Any CPU.Build.0 = Debug|Any CPU
		{E6453E60-EEEF-482D-B834-82955EA841A2}.Release|Any CPU.ActiveCfg = Release|Any CPU
		{E6453E60-EEEF-482D-B834-82955EA841A2}.Release|Any CPU.Build.0 = Release|Any CPU
	EndGlobalSection
	GlobalSection(SolutionProperties) = preSolution
		HideSolutionNode = FALSE
	EndGlobalSection
	GlobalSection(ExtensibilityGlobals) = postSolution
		SolutionGuid = {8678013D-69FF-4380-AE4C-57643B214C4D}
	EndGlobalSection
EndGlobal
